
Microsoft Visual Studio Solution File, Format Version 12.00
# Visual Studio Version 16
VisualStudioVersion = 16.0.32413.511
MinimumVisualStudioVersion = 10.0.40219.1
Project("{FAE04EC0-301F-11D3-BF4B-00C04F79EFBC}") = "ProyecTenis", "ProyecTenis\ProyecTenis.csproj", "{DBB1933D-EEAD-426A-8C88-D765883B7AC8}"
EndProject
Global
	GlobalSection(SolutionConfigurationPlatforms) = preSolution
		Debug|Any CPU = Debug|Any CPU
		Release|Any CPU = Release|Any CPU
	EndGlobalSection
	GlobalSection(ProjectConfigurationPlatforms) = postSolution
		{DBB1933D-EEAD-426A-8C88-D765883B7AC8}.Debug|Any CPU.ActiveCfg = Debug|Any CPU
		{DBB1933D-EEAD-426A-8C88-D765883B7AC8}.Debug|Any CPU.Build.0 = Debug|Any CPU
		{DBB1933D-EEAD-426A-8C88-D765883B7AC8}.Release|Any CPU.ActiveCfg = Release|Any CPU
		{DBB1933D-EEAD-426A-8C88-D765883B7AC8}.Release|Any CPU.Build.0 = Release|Any CPU
	EndGlobalSection
	GlobalSection(SolutionProperties) = preSolution
		HideSolutionNode = FALSE
	EndGlobalSection
	GlobalSection(ExtensibilityGlobals) = postSolution
		SolutionGuid = {AD8B9B5D-700C-4A72-A2E5-675A8DC2C021}
	EndGlobalSection
EndGlobal
